
Microsoft Visual Studio Solution File, Format Version 12.00
# Visual Studio Version 16
VisualStudioVersion = 16.0.30523.141
MinimumVisualStudioVersion = 10.0.40219.1
Project("{9A19103F-16F7-4668-BE54-9A1E7A4F7556}") = "DefiningClases", "DefiningClases\DefiningClases.csproj", "{DB708005-EBA7-4B67-8552-F19161F22121}"
EndProject
Project("{2150E333-8FDC-42A3-9474-1A3956D46DE8}") = "Solution Items", "Solution Items", "{C2083F31-7342-4F20-AB0D-D900C1809DB7}"
EndProject
Project("{9A19103F-16F7-4668-BE54-9A1E7A4F7556}") = "CarManufacturer", "CarManufacturer\CarManufacturer.csproj", "{045DB6BF-9D32-4BE4-A642-F8D114CA61EE}"
EndProject
Project("{9A19103F-16F7-4668-BE54-9A1E7A4F7556}") = "CarExtention", "CarExtention\CarExtention.csproj", "{6FEDA7B1-DD0C-4348-B838-335DD76C728A}"
EndProject
Project("{9A19103F-16F7-4668-BE54-9A1E7A4F7556}") = "Constructors", "Constructors\Constructors.csproj", "{61064389-977D-40E6-9DAD-926D7DF4D558}"
EndProject
Project("{FAE04EC0-301F-11D3-BF4B-00C04F79EFBC}") = "CarConstructors", "CarConstructors\CarConstructors.csproj", "{A04030AB-ABD7-4B99-A565-B7EC223C9175}"
EndProject
Project("{FAE04EC0-301F-11D3-BF4B-00C04F79EFBC}") = "EnumerationsDemo", "EnumerationsDemo\EnumerationsDemo.csproj", "{BB6B4AD8-379D-4DCA-A0E2-B818E9D3D33C}"
EndProject
Project("{FAE04EC0-301F-11D3-BF4B-00C04F79EFBC}") = "StaticClasses", "StaticClasses\StaticClasses.csproj", "{8C785D3B-4410-4C7D-B20F-F43ACEE686D8}"
EndProject
Project("{FAE04EC0-301F-11D3-BF4B-00C04F79EFBC}") = "BMVManufacturer", "BMVManufacturer\BMVManufacturer.csproj", "{BBECFD8A-F9BA-4013-BC05-ACC9B0A232CE}"
EndProject
Global
	GlobalSection(SolutionConfigurationPlatforms) = preSolution
		Debug|Any CPU = Debug|Any CPU
		Release|Any CPU = Release|Any CPU
	EndGlobalSection
	GlobalSection(ProjectConfigurationPlatforms) = postSolution
		{DB708005-EBA7-4B67-8552-F19161F22121}.Debug|Any CPU.ActiveCfg = Debug|Any CPU
		{DB708005-EBA7-4B67-8552-F19161F22121}.Debug|Any CPU.Build.0 = Debug|Any CPU
		{DB708005-EBA7-4B67-8552-F19161F22121}.Release|Any CPU.ActiveCfg = Release|Any CPU
		{DB708005-EBA7-4B67-8552-F19161F22121}.Release|Any CPU.Build.0 = Release|Any CPU
		{045DB6BF-9D32-4BE4-A642-F8D114CA61EE}.Debug|Any CPU.ActiveCfg = Debug|Any CPU
		{045DB6BF-9D32-4BE4-A642-F8D114CA61EE}.Debug|Any CPU.Build.0 = Debug|Any CPU
		{045DB6BF-9D32-4BE4-A642-F8D114CA61EE}.Release|Any CPU.ActiveCfg = Release|Any CPU
		{045DB6BF-9D32-4BE4-A642-F8D114CA61EE}.Release|Any CPU.Build.0 = Release|Any CPU
		{6FEDA7B1-DD0C-4348-B838-335DD76C728A}.Debug|Any CPU.ActiveCfg = Debug|Any CPU
		{6FEDA7B1-DD0C-4348-B838-335DD76C728A}.Debug|Any CPU.Build.0 = Debug|Any CPU
		{6FEDA7B1-DD0C-4348-B838-335DD76C728A}.Release|Any CPU.ActiveCfg = Release|Any CPU
		{6FEDA7B1-DD0C-4348-B838-335DD76C728A}.Release|Any CPU.Build.0 = Release|Any CPU
		{61064389-977D-40E6-9DAD-926D7DF4D558}.Debug|Any CPU.ActiveCfg = Debug|Any CPU
		{61064389-977D-40E6-9DAD-926D7DF4D558}.Debug|Any CPU.Build.0 = Debug|Any CPU
		{61064389-977D-40E6-9DAD-926D7DF4D558}.Release|Any CPU.ActiveCfg = Release|Any CPU
		{61064389-977D-40E6-9DAD-926D7DF4D558}.Release|Any CPU.Build.0 = Release|Any CPU
		{A04030AB-ABD7-4B99-A565-B7EC223C9175}.Debug|Any CPU.ActiveCfg = Debug|Any CPU
		{A04030AB-ABD7-4B99-A565-B7EC223C9175}.Debug|Any CPU.Build.0 = Debug|Any CPU
		{A04030AB-ABD7-4B99-A565-B7EC223C9175}.Release|Any CPU.ActiveCfg = Release|Any CPU
		{A04030AB-ABD7-4B99-A565-B7EC223C9175}.Release|Any CPU.Build.0 = Release|Any CPU
		{BB6B4AD8-379D-4DCA-A0E2-B818E9D3D33C}.Debug|Any CPU.ActiveCfg = Debug|Any CPU
		{BB6B4AD8-379D-4DCA-A0E2-B818E9D3D33C}.Debug|Any CPU.Build.0 = Debug|Any CPU
		{BB6B4AD8-379D-4DCA-A0E2-B818E9D3D33C}.Release|Any CPU.ActiveCfg = Release|Any CPU
		{BB6B4AD8-379D-4DCA-A0E2-B818E9D3D33C}.Release|Any CPU.Build.0 = Release|Any CPU
		{8C785D3B-4410-4C7D-B20F-F43ACEE686D8}.Debug|Any CPU.ActiveCfg = Debug|Any CPU
		{8C785D3B-4410-4C7D-B20F-F43ACEE686D8}.Debug|Any CPU.Build.0 = Debug|Any CPU
		{8C785D3B-4410-4C7D-B20F-F43ACEE686D8}.Release|Any CPU.ActiveCfg = Release|Any CPU
		{8C785D3B-4410-4C7D-B20F-F43ACEE686D8}.Release|Any CPU.Build.0 = Release|Any CPU
		{BBECFD8A-F9BA-4013-BC05-ACC9B0A232CE}.Debug|Any CPU.ActiveCfg = Debug|Any CPU
		{BBECFD8A-F9BA-4013-BC05-ACC9B0A232CE}.Debug|Any CPU.Build.0 = Debug|Any CPU
		{BBECFD8A-F9BA-4013-BC05-ACC9B0A232CE}.Release|Any CPU.ActiveCfg = Release|Any CPU
		{BBECFD8A-F9BA-4013-BC05-ACC9B0A232CE}.Release|Any CPU.Build.0 = Release|Any CPU
	EndGlobalSection
	GlobalSection(SolutionProperties) = preSolution
		HideSolutionNode = FALSE
	EndGlobalSection
	GlobalSection(ExtensibilityGlobals) = postSolution
		SolutionGuid = {0B1004EB-4171-4DF5-BCF7-5124088EFFF8}
	EndGlobalSection
EndGlobal
